
Microsoft Visual Studio Solution File, Format Version 12.00
# Visual Studio Version 17
VisualStudioVersion = 17.14.36221.1 d17.14
MinimumVisualStudioVersion = 10.0.40219.1
Project("{FAE04EC0-301F-11D3-BF4B-00C04F79EFBC}") = "EFCore_Session", "EFCore_Session\EFCore_Session.csproj", "{6BE76047-73BD-4019-99FD-EF4F18BCC239}"
EndProject
Global
	GlobalSection(SolutionConfigurationPlatforms) = preSolution
		Debug|Any CPU = Debug|Any CPU
		Release|Any CPU = Release|Any CPU
	EndGlobalSection
	GlobalSection(ProjectConfigurationPlatforms) = postSolution
		{6BE76047-73BD-4019-99FD-EF4F18BCC239}.Debug|Any CPU.ActiveCfg = Debug|Any CPU
		{6BE76047-73BD-4019-99FD-EF4F18BCC239}.Debug|Any CPU.Build.0 = Debug|Any CPU
		{6BE76047-73BD-4019-99FD-EF4F18BCC239}.Release|Any CPU.ActiveCfg = Release|Any CPU
		{6BE76047-73BD-4019-99FD-EF4F18BCC239}.Release|Any CPU.Build.0 = Release|Any CPU
	EndGlobalSection
	GlobalSection(SolutionProperties) = preSolution
		HideSolutionNode = FALSE
	EndGlobalSection
	GlobalSection(ExtensibilityGlobals) = postSolution
		SolutionGuid = {D28B6702-F70F-4F3A-A8A6-54D2E488CAC9}
	EndGlobalSection
EndGlobal
